
Microsoft Visual Studio Solution File, Format Version 12.00
# Visual Studio Version 17
VisualStudioVersion = 17.4.33213.308
MinimumVisualStudioVersion = 10.0.40219.1
Project("{9A19103F-16F7-4668-BE54-9A1E7A4F7556}") = "DemoJwtApi", "DemoJwtApi\DemoJwtApi.csproj", "{36B51983-5F03-43EC-88E9-F7923C231625}"
EndProject
Project("{2150E333-8FDC-42A3-9474-1A3956D46DE8}") = "Api", "Api", "{6FA1EEB6-9B5B-42E8-8B88-33C0A57672BA}"
EndProject
Project("{2150E333-8FDC-42A3-9474-1A3956D46DE8}") = "Core", "Core", "{2EE7D023-C94E-492C-8D7E-A0316BE5C532}"
EndProject
Project("{2150E333-8FDC-42A3-9474-1A3956D46DE8}") = "Infrastructure", "Infrastructure", "{5025CA78-BB38-4B30-B985-439C5B6E52C6}"
EndProject
Project("{2150E333-8FDC-42A3-9474-1A3956D46DE8}") = "Shared", "Shared", "{D094618E-50E1-4EB3-9D6F-DB51EFC262B4}"
EndProject
Project("{9A19103F-16F7-4668-BE54-9A1E7A4F7556}") = "DemoJwtApi.Infra.Contract", "DemoJwtApi.Infra.Contract\DemoJwtApi.Infra.Contract.csproj", "{ED4FA419-CA9D-422B-AE64-8D3E57A9D524}"
EndProject
Project("{9A19103F-16F7-4668-BE54-9A1E7A4F7556}") = "DemoJwtApi.Infra.Domain", "DemoJwtApi.Infra.Domain\DemoJwtApi.Infra.Domain.csproj", "{132101BD-A88C-416A-9A35-266D871FF53D}"
EndProject
Project("{9A19103F-16F7-4668-BE54-9A1E7A4F7556}") = "DemoJwtApi.Infra.Repository", "DemoJwtApi.Infra.Repository\DemoJwtApi.Infra.Repository.csproj", "{B42CFF80-DA4B-41E3-AB4E-402BAC473871}"
EndProject
Project("{9A19103F-16F7-4668-BE54-9A1E7A4F7556}") = "DemoJwtApi.Core.Builder", "DemoJwtApi.Core.Builder\DemoJwtApi.Core.Builder.csproj", "{0CD58E84-51E2-4A68-AA40-D080786D5125}"
EndProject
Project("{9A19103F-16F7-4668-BE54-9A1E7A4F7556}") = "DemoJwtApi.Core.Contract", "DemoJwtApi.Core.Contract\DemoJwtApi.Core.Contract.csproj", "{D45D7CE2-7AD9-4A45-8B01-5F5981D9C8BA}"
EndProject
Project("{9A19103F-16F7-4668-BE54-9A1E7A4F7556}") = "DemoJwtApi.Core.Domain", "DemoJwtApi.Core.Domain\DemoJwtApi.Core.Domain.csproj", "{074F7109-A44A-49B7-B2F7-335CA7AD03E2}"
EndProject
Project("{9A19103F-16F7-4668-BE54-9A1E7A4F7556}") = "DemoJwtApi.Core.Services", "DemoJwtApi.Core.Services\DemoJwtApi.Core.Services.csproj", "{64B6F529-896F-4923-ACD9-D294B527EAFA}"
EndProject
Project("{9A19103F-16F7-4668-BE54-9A1E7A4F7556}") = "JwtApi.Shared", "JwtApi.Shared\JwtApi.Shared.csproj", "{89F0D46A-EECB-4654-B311-8E888C2A3B95}"
EndProject
Project("{9A19103F-16F7-4668-BE54-9A1E7A4F7556}") = "ProjectTest", "..\ProjectTest\ProjectTest\ProjectTest.csproj", "{0EC6DE90-A5B1-4A89-8260-0CD44B941FB5}"
EndProject
Global
	GlobalSection(SolutionConfigurationPlatforms) = preSolution
		Debug|Any CPU = Debug|Any CPU
		Release|Any CPU = Release|Any CPU
	EndGlobalSection
	GlobalSection(ProjectConfigurationPlatforms) = postSolution
		{36B51983-5F03-43EC-88E9-F7923C231625}.Debug|Any CPU.ActiveCfg = Debug|Any CPU
		{36B51983-5F03-43EC-88E9-F7923C231625}.Debug|Any CPU.Build.0 = Debug|Any CPU
		{36B51983-5F03-43EC-88E9-F7923C231625}.Release|Any CPU.ActiveCfg = Release|Any CPU
		{36B51983-5F03-43EC-88E9-F7923C231625}.Release|Any CPU.Build.0 = Release|Any CPU
		{ED4FA419-CA9D-422B-AE64-8D3E57A9D524}.Debug|Any CPU.ActiveCfg = Debug|Any CPU
		{ED4FA419-CA9D-422B-AE64-8D3E57A9D524}.Debug|Any CPU.Build.0 = Debug|Any CPU
		{ED4FA419-CA9D-422B-AE64-8D3E57A9D524}.Release|Any CPU.ActiveCfg = Release|Any CPU
		{ED4FA419-CA9D-422B-AE64-8D3E57A9D524}.Release|Any CPU.Build.0 = Release|Any CPU
		{132101BD-A88C-416A-9A35-266D871FF53D}.Debug|Any CPU.ActiveCfg = Debug|Any CPU
		{132101BD-A88C-416A-9A35-266D871FF53D}.Debug|Any CPU.Build.0 = Debug|Any CPU
		{132101BD-A88C-416A-9A35-266D871FF53D}.Release|Any CPU.ActiveCfg = Release|Any CPU
		{132101BD-A88C-416A-9A35-266D871FF53D}.Release|Any CPU.Build.0 = Release|Any CPU
		{B42CFF80-DA4B-41E3-AB4E-402BAC473871}.Debug|Any CPU.ActiveCfg = Debug|Any CPU
		{B42CFF80-DA4B-41E3-AB4E-402BAC473871}.Debug|Any CPU.Build.0 = Debug|Any CPU
		{B42CFF80-DA4B-41E3-AB4E-402BAC473871}.Release|Any CPU.ActiveCfg = Release|Any CPU
		{B42CFF80-DA4B-41E3-AB4E-402BAC473871}.Release|Any CPU.Build.0 = Release|Any CPU
		{0CD58E84-51E2-4A68-AA40-D080786D5125}.Debug|Any CPU.ActiveCfg = Debug|Any CPU
		{0CD58E84-51E2-4A68-AA40-D080786D5125}.Debug|Any CPU.Build.0 = Debug|Any CPU
		{0CD58E84-51E2-4A68-AA40-D080786D5125}.Release|Any CPU.ActiveCfg = Release|Any CPU
		{0CD58E84-51E2-4A68-AA40-D080786D5125}.Release|Any CPU.Build.0 = Release|Any CPU
		{D45D7CE2-7AD9-4A45-8B01-5F5981D9C8BA}.Debug|Any CPU.ActiveCfg = Debug|Any CPU
		{D45D7CE2-7AD9-4A45-8B01-5F5981D9C8BA}.Debug|Any CPU.Build.0 = Debug|Any CPU
		{D45D7CE2-7AD9-4A45-8B01-5F5981D9C8BA}.Release|Any CPU.ActiveCfg = Release|Any CPU
		{D45D7CE2-7AD9-4A45-8B01-5F5981D9C8BA}.Release|Any CPU.Build.0 = Release|Any CPU
		{074F7109-A44A-49B7-B2F7-335CA7AD03E2}.Debug|Any CPU.ActiveCfg = Debug|Any CPU
		{074F7109-A44A-49B7-B2F7-335CA7AD03E2}.Debug|Any CPU.Build.0 = Debug|Any CPU
		{074F7109-A44A-49B7-B2F7-335CA7AD03E2}.Release|Any CPU.ActiveCfg = Release|Any CPU
		{074F7109-A44A-49B7-B2F7-335CA7AD03E2}.Release|Any CPU.Build.0 = Release|Any CPU
		{64B6F529-896F-4923-ACD9-D294B527EAFA}.Debug|Any CPU.ActiveCfg = Debug|Any CPU
		{64B6F529-896F-4923-ACD9-D294B527EAFA}.Debug|Any CPU.Build.0 = Debug|Any CPU
		{64B6F529-896F-4923-ACD9-D294B527EAFA}.Release|Any CPU.ActiveCfg = Release|Any CPU
		{64B6F529-896F-4923-ACD9-D294B527EAFA}.Release|Any CPU.Build.0 = Release|Any CPU
		{89F0D46A-EECB-4654-B311-8E888C2A3B95}.Debug|Any CPU.ActiveCfg = Debug|Any CPU
		{89F0D46A-EECB-4654-B311-8E888C2A3B95}.Debug|Any CPU.Build.0 = Debug|Any CPU
		{89F0D46A-EECB-4654-B311-8E888C2A3B95}.Release|Any CPU.ActiveCfg = Release|Any CPU
		{89F0D46A-EECB-4654-B311-8E888C2A3B95}.Release|Any CPU.Build.0 = Release|Any CPU
		{0EC6DE90-A5B1-4A89-8260-0CD44B941FB5}.Debug|Any CPU.ActiveCfg = Debug|Any CPU
		{0EC6DE90-A5B1-4A89-8260-0CD44B941FB5}.Debug|Any CPU.Build.0 = Debug|Any CPU
		{0EC6DE90-A5B1-4A89-8260-0CD44B941FB5}.Release|Any CPU.ActiveCfg = Release|Any CPU
		{0EC6DE90-A5B1-4A89-8260-0CD44B941FB5}.Release|Any CPU.Build.0 = Release|Any CPU
	EndGlobalSection
	GlobalSection(SolutionProperties) = preSolution
		HideSolutionNode = FALSE
	EndGlobalSection
	GlobalSection(NestedProjects) = preSolution
		{36B51983-5F03-43EC-88E9-F7923C231625} = {6FA1EEB6-9B5B-42E8-8B88-33C0A57672BA}
		{ED4FA419-CA9D-422B-AE64-8D3E57A9D524} = {5025CA78-BB38-4B30-B985-439C5B6E52C6}
		{132101BD-A88C-416A-9A35-266D871FF53D} = {5025CA78-BB38-4B30-B985-439C5B6E52C6}
		{B42CFF80-DA4B-41E3-AB4E-402BAC473871} = {5025CA78-BB38-4B30-B985-439C5B6E52C6}
		{0CD58E84-51E2-4A68-AA40-D080786D5125} = {2EE7D023-C94E-492C-8D7E-A0316BE5C532}
		{D45D7CE2-7AD9-4A45-8B01-5F5981D9C8BA} = {2EE7D023-C94E-492C-8D7E-A0316BE5C532}
		{074F7109-A44A-49B7-B2F7-335CA7AD03E2} = {2EE7D023-C94E-492C-8D7E-A0316BE5C532}
		{64B6F529-896F-4923-ACD9-D294B527EAFA} = {2EE7D023-C94E-492C-8D7E-A0316BE5C532}
		{89F0D46A-EECB-4654-B311-8E888C2A3B95} = {D094618E-50E1-4EB3-9D6F-DB51EFC262B4}
		{0EC6DE90-A5B1-4A89-8260-0CD44B941FB5} = {2EE7D023-C94E-492C-8D7E-A0316BE5C532}
	EndGlobalSection
	GlobalSection(ExtensibilityGlobals) = postSolution
		SolutionGuid = {94C9A250-D22F-4006-89C8-0D273C938D3F}
	EndGlobalSection
EndGlobal
